
Microsoft Visual Studio Solution File, Format Version 12.00
# Visual Studio Version 17
VisualStudioVersion = 17.13.35605.110 d17.13
MinimumVisualStudioVersion = 10.0.40219.1
Project("{FAE04EC0-301F-11D3-BF4B-00C04F79EFBC}") = "HelloWorld", "HelloWorld\HelloWorld.csproj", "{6BB3663C-A885-4720-8F48-0FBD1949985A}"
EndProject
Global
	GlobalSection(SolutionConfigurationPlatforms) = preSolution
		Debug|Any CPU = Debug|Any CPU
		Release|Any CPU = Release|Any CPU
	EndGlobalSection
	GlobalSection(ProjectConfigurationPlatforms) = postSolution
		{6BB3663C-A885-4720-8F48-0FBD1949985A}.Debug|Any CPU.ActiveCfg = Debug|Any CPU
		{6BB3663C-A885-4720-8F48-0FBD1949985A}.Debug|Any CPU.Build.0 = Debug|Any CPU
		{6BB3663C-A885-4720-8F48-0FBD1949985A}.Release|Any CPU.ActiveCfg = Release|Any CPU
		{6BB3663C-A885-4720-8F48-0FBD1949985A}.Release|Any CPU.Build.0 = Release|Any CPU
	EndGlobalSection
	GlobalSection(SolutionProperties) = preSolution
		HideSolutionNode = FALSE
	EndGlobalSection
	GlobalSection(ExtensibilityGlobals) = postSolution
		SolutionGuid = {7F3AA8E1-4D34-4C47-835B-71FFF54F8B43}
	EndGlobalSection
EndGlobal
